// !$*UTF8*$!
{
	archiveVersion = 1;
	classes = {
	};
	objectVersion = 46;
	objects = {

/* Begin PBXBuildFile section */
		7F5191E13E1E0DBDDA1BF774 /* Pods_Mooch.framework in Frameworks */ = {isa = PBXBuildFile; fileRef = B0E009C963A57DE569D9584C /* Pods_Mooch.framework */; };
		810A82321D7A11780086B40F /* AppDelegate.swift in Sources */ = {isa = PBXBuildFile; fileRef = 810A82311D7A11780086B40F /* AppDelegate.swift */; };
		810A82391D7A11780086B40F /* Assets.xcassets in Resources */ = {isa = PBXBuildFile; fileRef = 810A82381D7A11780086B40F /* Assets.xcassets */; };
		810A823C1D7A11780086B40F /* LaunchScreen.storyboard in Resources */ = {isa = PBXBuildFile; fileRef = 810A823A1D7A11780086B40F /* LaunchScreen.storyboard */; };
		810A82801D7E3EDE0086B40F /* MoochViewController.swift in Sources */ = {isa = PBXBuildFile; fileRef = 810A827F1D7E3EDE0086B40F /* MoochViewController.swift */; };
		810A82831D7E5DA40086B40F /* Strings.swift in Sources */ = {isa = PBXBuildFile; fileRef = 810A82821D7E5DA40086B40F /* Strings.swift */; };
		8149E7AE1D84977C000F0C37 /* InitialLoadingViewController.swift in Sources */ = {isa = PBXBuildFile; fileRef = 8149E7AC1D84977C000F0C37 /* InitialLoadingViewController.swift */; };
		8149E7AF1D84977C000F0C37 /* InitialLoadingViewController.xib in Resources */ = {isa = PBXBuildFile; fileRef = 8149E7AD1D84977C000F0C37 /* InitialLoadingViewController.xib */; };
		8149E7B11D849B8F000F0C37 /* MoochModalViewController.swift in Sources */ = {isa = PBXBuildFile; fileRef = 8149E7B01D849B8F000F0C37 /* MoochModalViewController.swift */; };
		8149E7B41D84B396000F0C37 /* ListingsViewController.swift in Sources */ = {isa = PBXBuildFile; fileRef = 8149E7B21D84B396000F0C37 /* ListingsViewController.swift */; };
		8149E7B51D84B396000F0C37 /* ListingsViewController.xib in Resources */ = {isa = PBXBuildFile; fileRef = 8149E7B31D84B396000F0C37 /* ListingsViewController.xib */; };
		8149E7BB1D84C2A7000F0C37 /* ListingsTableHandler.swift in Sources */ = {isa = PBXBuildFile; fileRef = 8149E7BA1D84C2A7000F0C37 /* ListingsTableHandler.swift */; };
		8149E7BD1D84CC93000F0C37 /* LocalUserManager.swift in Sources */ = {isa = PBXBuildFile; fileRef = 8149E7BC1D84CC93000F0C37 /* LocalUserManager.swift */; };
		8149E7BF1D85FC6C000F0C37 /* Listing.swift in Sources */ = {isa = PBXBuildFile; fileRef = 8149E7BE1D85FC6B000F0C37 /* Listing.swift */; };
		8149E7C21D8609BE000F0C37 /* ListingTableViewCell.swift in Sources */ = {isa = PBXBuildFile; fileRef = 8149E7C01D8609BE000F0C37 /* ListingTableViewCell.swift */; };
		8149E7C31D8609BE000F0C37 /* ListingTableViewCell.xib in Resources */ = {isa = PBXBuildFile; fileRef = 8149E7C11D8609BE000F0C37 /* ListingTableViewCell.xib */; };
		8149E7C61D865E2D000F0C37 /* ListingDetails.storyboard in Resources */ = {isa = PBXBuildFile; fileRef = 8149E7C51D865E2D000F0C37 /* ListingDetails.storyboard */; };
		8149E7C81D865E5A000F0C37 /* ListingDetailsViewController.swift in Sources */ = {isa = PBXBuildFile; fileRef = 8149E7C71D865E5A000F0C37 /* ListingDetailsViewController.swift */; };
		8149E7CC1D8668D6000F0C37 /* LoginViewController.swift in Sources */ = {isa = PBXBuildFile; fileRef = 8149E7CA1D8668D6000F0C37 /* LoginViewController.swift */; };
		8149E7CD1D8668D6000F0C37 /* LoginViewController.xib in Resources */ = {isa = PBXBuildFile; fileRef = 8149E7CB1D8668D6000F0C37 /* LoginViewController.xib */; };
		8149E7D01D87017D000F0C37 /* RoundedButton.swift in Sources */ = {isa = PBXBuildFile; fileRef = 8149E7CF1D87017D000F0C37 /* RoundedButton.swift */; };
		815BCEFE1D7E73860022F806 /* NetworkReachabilityVerificationViewController.swift in Sources */ = {isa = PBXBuildFile; fileRef = 815BCEFC1D7E73860022F806 /* NetworkReachabilityVerificationViewController.swift */; };
		815BCEFF1D7E73860022F806 /* NetworkReachabilityVerificationViewController.xib in Resources */ = {isa = PBXBuildFile; fileRef = 815BCEFD1D7E73860022F806 /* NetworkReachabilityVerificationViewController.xib */; };
		815BCF011D7E77D80022F806 /* Helpers.swift in Sources */ = {isa = PBXBuildFile; fileRef = 815BCF001D7E77D80022F806 /* Helpers.swift */; };
		815BCF031D7E77E70022F806 /* Errors.swift in Sources */ = {isa = PBXBuildFile; fileRef = 815BCF021D7E77E70022F806 /* Errors.swift */; };
		815BCF051D7E78290022F806 /* User.swift in Sources */ = {isa = PBXBuildFile; fileRef = 815BCF041D7E78290022F806 /* User.swift */; };
		815BCF071D7E78FD0022F806 /* Community.swift in Sources */ = {isa = PBXBuildFile; fileRef = 815BCF061D7E78FD0022F806 /* Community.swift */; };
		815BCF081D7E7F070022F806 /* Community.swift in Sources */ = {isa = PBXBuildFile; fileRef = 815BCF061D7E78FD0022F806 /* Community.swift */; };
		815BCF091D7E7F0B0022F806 /* User.swift in Sources */ = {isa = PBXBuildFile; fileRef = 815BCF041D7E78290022F806 /* User.swift */; };
		815BCF0B1D7E7F5C0022F806 /* CommunityTests.swift in Sources */ = {isa = PBXBuildFile; fileRef = 815BCF0A1D7E7F5C0022F806 /* CommunityTests.swift */; };
		815BCF0C1D7E813F0022F806 /* Errors.swift in Sources */ = {isa = PBXBuildFile; fileRef = 815BCF021D7E77E70022F806 /* Errors.swift */; };
		815BCF0E1D7E83160022F806 /* UserTests.swift in Sources */ = {isa = PBXBuildFile; fileRef = 815BCF0D1D7E83160022F806 /* UserTests.swift */; };
		815BCF141D805B550022F806 /* ListingTag.swift in Sources */ = {isa = PBXBuildFile; fileRef = 815BCF131D805B550022F806 /* ListingTag.swift */; };
		815BCF161D805EAE0022F806 /* LocalUser.swift in Sources */ = {isa = PBXBuildFile; fileRef = 815BCF151D805EAE0022F806 /* LocalUser.swift */; };
		815BCF181D806D260022F806 /* ListingTagTests.swift in Sources */ = {isa = PBXBuildFile; fileRef = 815BCF171D806D260022F806 /* ListingTagTests.swift */; };
		815BCF191D806F970022F806 /* LocalUser.swift in Sources */ = {isa = PBXBuildFile; fileRef = 815BCF151D805EAE0022F806 /* LocalUser.swift */; };
		815BCF1A1D806F990022F806 /* ListingTag.swift in Sources */ = {isa = PBXBuildFile; fileRef = 815BCF131D805B550022F806 /* ListingTag.swift */; };
		815BCF1C1D8070B80022F806 /* LocalUserTests.swift in Sources */ = {isa = PBXBuildFile; fileRef = 815BCF1B1D8070B80022F806 /* LocalUserTests.swift */; };
		815BCF1E1D80BC7B0022F806 /* MoochAPIRouter.swift in Sources */ = {isa = PBXBuildFile; fileRef = 815BCF1D1D80BC7B0022F806 /* MoochAPIRouter.swift */; };
		815BCF1F1D80BC7B0022F806 /* MoochAPIRouter.swift in Sources */ = {isa = PBXBuildFile; fileRef = 815BCF1D1D80BC7B0022F806 /* MoochAPIRouter.swift */; };
		818883441D83404F00F7EEE5 /* MoochAPI.swift in Sources */ = {isa = PBXBuildFile; fileRef = 818883431D83404F00F7EEE5 /* MoochAPI.swift */; };
		C8DDB888FA80968AA36AC434 /* Pods_MoochUITests.framework in Frameworks */ = {isa = PBXBuildFile; fileRef = AEF64938926FA727DE0E963F /* Pods_MoochUITests.framework */; };
		DAC699662D2523B0ABBC3381 /* Pods_MoochTests.framework in Frameworks */ = {isa = PBXBuildFile; fileRef = 8004E90930E057AA71F210F3 /* Pods_MoochTests.framework */; };
/* End PBXBuildFile section */

/* Begin PBXContainerItemProxy section */
		810A82431D7A11780086B40F /* PBXContainerItemProxy */ = {
			isa = PBXContainerItemProxy;
			containerPortal = 810A82261D7A11780086B40F /* Project object */;
			proxyType = 1;
			remoteGlobalIDString = 810A822D1D7A11780086B40F;
			remoteInfo = Mooch;
		};
		810A824E1D7A11780086B40F /* PBXContainerItemProxy */ = {
			isa = PBXContainerItemProxy;
			containerPortal = 810A82261D7A11780086B40F /* Project object */;
			proxyType = 1;
			remoteGlobalIDString = 810A822D1D7A11780086B40F;
			remoteInfo = Mooch;
		};
/* End PBXContainerItemProxy section */

/* Begin PBXFileReference section */
		1EA14F966101333946798EDD /* Pods-MoochTests.debug.xcconfig */ = {isa = PBXFileReference; includeInIndex = 1; lastKnownFileType = text.xcconfig; name = "Pods-MoochTests.debug.xcconfig"; path = "Pods/Target Support Files/Pods-MoochTests/Pods-MoochTests.debug.xcconfig"; sourceTree = "<group>"; };
		344DB53745D16AAC3B92C2BE /* Pods-Mooch.release.xcconfig */ = {isa = PBXFileReference; includeInIndex = 1; lastKnownFileType = text.xcconfig; name = "Pods-Mooch.release.xcconfig"; path = "Pods/Target Support Files/Pods-Mooch/Pods-Mooch.release.xcconfig"; sourceTree = "<group>"; };
		7D77BF2B345F516CDE894771 /* Pods-MoochTests.release.xcconfig */ = {isa = PBXFileReference; includeInIndex = 1; lastKnownFileType = text.xcconfig; name = "Pods-MoochTests.release.xcconfig"; path = "Pods/Target Support Files/Pods-MoochTests/Pods-MoochTests.release.xcconfig"; sourceTree = "<group>"; };
		8004E90930E057AA71F210F3 /* Pods_MoochTests.framework */ = {isa = PBXFileReference; explicitFileType = wrapper.framework; includeInIndex = 0; path = Pods_MoochTests.framework; sourceTree = BUILT_PRODUCTS_DIR; };
		810A822E1D7A11780086B40F /* Mooch.app */ = {isa = PBXFileReference; explicitFileType = wrapper.application; includeInIndex = 0; path = Mooch.app; sourceTree = BUILT_PRODUCTS_DIR; };
		810A82311D7A11780086B40F /* AppDelegate.swift */ = {isa = PBXFileReference; lastKnownFileType = sourcecode.swift; path = AppDelegate.swift; sourceTree = "<group>"; };
		810A82381D7A11780086B40F /* Assets.xcassets */ = {isa = PBXFileReference; lastKnownFileType = folder.assetcatalog; path = Assets.xcassets; sourceTree = "<group>"; };
		810A823B1D7A11780086B40F /* Base */ = {isa = PBXFileReference; lastKnownFileType = file.storyboard; name = Base; path = Base.lproj/LaunchScreen.storyboard; sourceTree = "<group>"; };
		810A823D1D7A11780086B40F /* Info.plist */ = {isa = PBXFileReference; lastKnownFileType = text.plist.xml; path = Info.plist; sourceTree = "<group>"; };
		810A82421D7A11780086B40F /* MoochTests.xctest */ = {isa = PBXFileReference; explicitFileType = wrapper.cfbundle; includeInIndex = 0; path = MoochTests.xctest; sourceTree = BUILT_PRODUCTS_DIR; };
		810A82481D7A11780086B40F /* Info.plist */ = {isa = PBXFileReference; lastKnownFileType = text.plist.xml; path = Info.plist; sourceTree = "<group>"; };
		810A824D1D7A11780086B40F /* MoochUITests.xctest */ = {isa = PBXFileReference; explicitFileType = wrapper.cfbundle; includeInIndex = 0; path = MoochUITests.xctest; sourceTree = BUILT_PRODUCTS_DIR; };
		810A82531D7A11780086B40F /* Info.plist */ = {isa = PBXFileReference; lastKnownFileType = text.plist.xml; path = Info.plist; sourceTree = "<group>"; };
		810A827F1D7E3EDE0086B40F /* MoochViewController.swift */ = {isa = PBXFileReference; fileEncoding = 4; lastKnownFileType = sourcecode.swift; path = MoochViewController.swift; sourceTree = "<group>"; };
		810A82821D7E5DA40086B40F /* Strings.swift */ = {isa = PBXFileReference; fileEncoding = 4; lastKnownFileType = sourcecode.swift; path = Strings.swift; sourceTree = "<group>"; };
		8149E7AC1D84977C000F0C37 /* InitialLoadingViewController.swift */ = {isa = PBXFileReference; fileEncoding = 4; lastKnownFileType = sourcecode.swift; path = InitialLoadingViewController.swift; sourceTree = "<group>"; };
		8149E7AD1D84977C000F0C37 /* InitialLoadingViewController.xib */ = {isa = PBXFileReference; fileEncoding = 4; lastKnownFileType = file.xib; path = InitialLoadingViewController.xib; sourceTree = "<group>"; };
		8149E7B01D849B8F000F0C37 /* MoochModalViewController.swift */ = {isa = PBXFileReference; fileEncoding = 4; lastKnownFileType = sourcecode.swift; path = MoochModalViewController.swift; sourceTree = "<group>"; };
		8149E7B21D84B396000F0C37 /* ListingsViewController.swift */ = {isa = PBXFileReference; fileEncoding = 4; lastKnownFileType = sourcecode.swift; path = ListingsViewController.swift; sourceTree = "<group>"; };
		8149E7B31D84B396000F0C37 /* ListingsViewController.xib */ = {isa = PBXFileReference; fileEncoding = 4; lastKnownFileType = file.xib; path = ListingsViewController.xib; sourceTree = "<group>"; };
		8149E7BA1D84C2A7000F0C37 /* ListingsTableHandler.swift */ = {isa = PBXFileReference; fileEncoding = 4; lastKnownFileType = sourcecode.swift; path = ListingsTableHandler.swift; sourceTree = "<group>"; };
		8149E7BC1D84CC93000F0C37 /* LocalUserManager.swift */ = {isa = PBXFileReference; fileEncoding = 4; lastKnownFileType = sourcecode.swift; path = LocalUserManager.swift; sourceTree = "<group>"; };
		8149E7BE1D85FC6B000F0C37 /* Listing.swift */ = {isa = PBXFileReference; fileEncoding = 4; lastKnownFileType = sourcecode.swift; path = Listing.swift; sourceTree = "<group>"; };
		8149E7C01D8609BE000F0C37 /* ListingTableViewCell.swift */ = {isa = PBXFileReference; fileEncoding = 4; lastKnownFileType = sourcecode.swift; path = ListingTableViewCell.swift; sourceTree = "<group>"; };
		8149E7C11D8609BE000F0C37 /* ListingTableViewCell.xib */ = {isa = PBXFileReference; fileEncoding = 4; lastKnownFileType = file.xib; path = ListingTableViewCell.xib; sourceTree = "<group>"; };
		8149E7C51D865E2D000F0C37 /* ListingDetails.storyboard */ = {isa = PBXFileReference; fileEncoding = 4; lastKnownFileType = file.storyboard; path = ListingDetails.storyboard; sourceTree = "<group>"; };
		8149E7C71D865E5A000F0C37 /* ListingDetailsViewController.swift */ = {isa = PBXFileReference; fileEncoding = 4; lastKnownFileType = sourcecode.swift; path = ListingDetailsViewController.swift; sourceTree = "<group>"; };
		8149E7CA1D8668D6000F0C37 /* LoginViewController.swift */ = {isa = PBXFileReference; fileEncoding = 4; lastKnownFileType = sourcecode.swift; path = LoginViewController.swift; sourceTree = "<group>"; };
		8149E7CB1D8668D6000F0C37 /* LoginViewController.xib */ = {isa = PBXFileReference; fileEncoding = 4; lastKnownFileType = file.xib; path = LoginViewController.xib; sourceTree = "<group>"; };
		8149E7CF1D87017D000F0C37 /* RoundedButton.swift */ = {isa = PBXFileReference; fileEncoding = 4; lastKnownFileType = sourcecode.swift; path = RoundedButton.swift; sourceTree = "<group>"; };
		815BCEFC1D7E73860022F806 /* NetworkReachabilityVerificationViewController.swift */ = {isa = PBXFileReference; fileEncoding = 4; lastKnownFileType = sourcecode.swift; path = NetworkReachabilityVerificationViewController.swift; sourceTree = "<group>"; };
		815BCEFD1D7E73860022F806 /* NetworkReachabilityVerificationViewController.xib */ = {isa = PBXFileReference; fileEncoding = 4; lastKnownFileType = file.xib; path = NetworkReachabilityVerificationViewController.xib; sourceTree = "<group>"; };
		815BCF001D7E77D80022F806 /* Helpers.swift */ = {isa = PBXFileReference; fileEncoding = 4; lastKnownFileType = sourcecode.swift; path = Helpers.swift; sourceTree = "<group>"; };
		815BCF021D7E77E70022F806 /* Errors.swift */ = {isa = PBXFileReference; fileEncoding = 4; lastKnownFileType = sourcecode.swift; path = Errors.swift; sourceTree = "<group>"; };
		815BCF041D7E78290022F806 /* User.swift */ = {isa = PBXFileReference; fileEncoding = 4; lastKnownFileType = sourcecode.swift; path = User.swift; sourceTree = "<group>"; };
		815BCF061D7E78FD0022F806 /* Community.swift */ = {isa = PBXFileReference; fileEncoding = 4; lastKnownFileType = sourcecode.swift; path = Community.swift; sourceTree = "<group>"; };
		815BCF0A1D7E7F5C0022F806 /* CommunityTests.swift */ = {isa = PBXFileReference; fileEncoding = 4; lastKnownFileType = sourcecode.swift; path = CommunityTests.swift; sourceTree = "<group>"; };
		815BCF0D1D7E83160022F806 /* UserTests.swift */ = {isa = PBXFileReference; fileEncoding = 4; lastKnownFileType = sourcecode.swift; path = UserTests.swift; sourceTree = "<group>"; };
		815BCF131D805B550022F806 /* ListingTag.swift */ = {isa = PBXFileReference; fileEncoding = 4; lastKnownFileType = sourcecode.swift; path = ListingTag.swift; sourceTree = "<group>"; };
		815BCF151D805EAE0022F806 /* LocalUser.swift */ = {isa = PBXFileReference; fileEncoding = 4; lastKnownFileType = sourcecode.swift; path = LocalUser.swift; sourceTree = "<group>"; };
		815BCF171D806D260022F806 /* ListingTagTests.swift */ = {isa = PBXFileReference; fileEncoding = 4; lastKnownFileType = sourcecode.swift; path = ListingTagTests.swift; sourceTree = "<group>"; };
		815BCF1B1D8070B80022F806 /* LocalUserTests.swift */ = {isa = PBXFileReference; fileEncoding = 4; lastKnownFileType = sourcecode.swift; path = LocalUserTests.swift; sourceTree = "<group>"; };
		815BCF1D1D80BC7B0022F806 /* MoochAPIRouter.swift */ = {isa = PBXFileReference; fileEncoding = 4; lastKnownFileType = sourcecode.swift; path = MoochAPIRouter.swift; sourceTree = "<group>"; };
		818883431D83404F00F7EEE5 /* MoochAPI.swift */ = {isa = PBXFileReference; fileEncoding = 4; lastKnownFileType = sourcecode.swift; path = MoochAPI.swift; sourceTree = "<group>"; };
		AB2BD51098CDD71449F25532 /* Pods-MoochUITests.release.xcconfig */ = {isa = PBXFileReference; includeInIndex = 1; lastKnownFileType = text.xcconfig; name = "Pods-MoochUITests.release.xcconfig"; path = "Pods/Target Support Files/Pods-MoochUITests/Pods-MoochUITests.release.xcconfig"; sourceTree = "<group>"; };
		AEF64938926FA727DE0E963F /* Pods_MoochUITests.framework */ = {isa = PBXFileReference; explicitFileType = wrapper.framework; includeInIndex = 0; path = Pods_MoochUITests.framework; sourceTree = BUILT_PRODUCTS_DIR; };
		B0E009C963A57DE569D9584C /* Pods_Mooch.framework */ = {isa = PBXFileReference; explicitFileType = wrapper.framework; includeInIndex = 0; path = Pods_Mooch.framework; sourceTree = BUILT_PRODUCTS_DIR; };
		DB0A3D9FB6A1E3D95ECCCD45 /* Pods-Mooch.debug.xcconfig */ = {isa = PBXFileReference; includeInIndex = 1; lastKnownFileType = text.xcconfig; name = "Pods-Mooch.debug.xcconfig"; path = "Pods/Target Support Files/Pods-Mooch/Pods-Mooch.debug.xcconfig"; sourceTree = "<group>"; };
		E49A73BAC724FE7A87D6C8A0 /* Pods-MoochUITests.debug.xcconfig */ = {isa = PBXFileReference; includeInIndex = 1; lastKnownFileType = text.xcconfig; name = "Pods-MoochUITests.debug.xcconfig"; path = "Pods/Target Support Files/Pods-MoochUITests/Pods-MoochUITests.debug.xcconfig"; sourceTree = "<group>"; };
/* End PBXFileReference section */

/* Begin PBXFrameworksBuildPhase section */
		810A822B1D7A11780086B40F /* Frameworks */ = {
			isa = PBXFrameworksBuildPhase;
			buildActionMask = 2147483647;
			files = (
				7F5191E13E1E0DBDDA1BF774 /* Pods_Mooch.framework in Frameworks */,
			);
			runOnlyForDeploymentPostprocessing = 0;
		};
		810A823F1D7A11780086B40F /* Frameworks */ = {
			isa = PBXFrameworksBuildPhase;
			buildActionMask = 2147483647;
			files = (
				DAC699662D2523B0ABBC3381 /* Pods_MoochTests.framework in Frameworks */,
			);
			runOnlyForDeploymentPostprocessing = 0;
		};
		810A824A1D7A11780086B40F /* Frameworks */ = {
			isa = PBXFrameworksBuildPhase;
			buildActionMask = 2147483647;
			files = (
				C8DDB888FA80968AA36AC434 /* Pods_MoochUITests.framework in Frameworks */,
			);
			runOnlyForDeploymentPostprocessing = 0;
		};
/* End PBXFrameworksBuildPhase section */

/* Begin PBXGroup section */
		0B91402C9D4B6589D5280DC0 /* Frameworks */ = {
			isa = PBXGroup;
			children = (
				B0E009C963A57DE569D9584C /* Pods_Mooch.framework */,
				8004E90930E057AA71F210F3 /* Pods_MoochTests.framework */,
				AEF64938926FA727DE0E963F /* Pods_MoochUITests.framework */,
			);
			name = Frameworks;
			sourceTree = "<group>";
		};
		5399173EB279E166083DD354 /* Pods */ = {
			isa = PBXGroup;
			children = (
				DB0A3D9FB6A1E3D95ECCCD45 /* Pods-Mooch.debug.xcconfig */,
				344DB53745D16AAC3B92C2BE /* Pods-Mooch.release.xcconfig */,
				1EA14F966101333946798EDD /* Pods-MoochTests.debug.xcconfig */,
				7D77BF2B345F516CDE894771 /* Pods-MoochTests.release.xcconfig */,
				E49A73BAC724FE7A87D6C8A0 /* Pods-MoochUITests.debug.xcconfig */,
				AB2BD51098CDD71449F25532 /* Pods-MoochUITests.release.xcconfig */,
			);
			name = Pods;
			sourceTree = "<group>";
		};
		810A82251D7A11780086B40F = {
			isa = PBXGroup;
			children = (
				810A82301D7A11780086B40F /* Mooch */,
				810A82451D7A11780086B40F /* MoochTests */,
				810A82501D7A11780086B40F /* MoochUITests */,
				810A822F1D7A11780086B40F /* Products */,
				5399173EB279E166083DD354 /* Pods */,
				0B91402C9D4B6589D5280DC0 /* Frameworks */,
			);
			sourceTree = "<group>";
		};
		810A822F1D7A11780086B40F /* Products */ = {
			isa = PBXGroup;
			children = (
				810A822E1D7A11780086B40F /* Mooch.app */,
				810A82421D7A11780086B40F /* MoochTests.xctest */,
				810A824D1D7A11780086B40F /* MoochUITests.xctest */,
			);
			name = Products;
			sourceTree = "<group>";
		};
		810A82301D7A11780086B40F /* Mooch */ = {
			isa = PBXGroup;
			children = (
				810A82751D7D237D0086B40F /* Managers */,
				810A82761D7D23910086B40F /* Models */,
				810A82771D7D23A60086B40F /* Networking */,
				810A82811D7E5D8E0086B40F /* Resources */,
				810A827A1D7E2D430086B40F /* Superclasses */,
				810A82791D7D23CE0086B40F /* Supporting Files */,
				810A82741D7D23500086B40F /* UI */,
				810A82781D7D23BF0086B40F /* Utility */,
			);
			path = Mooch;
			sourceTree = "<group>";
		};
		810A82451D7A11780086B40F /* MoochTests */ = {
			isa = PBXGroup;
			children = (
				815BCF0A1D7E7F5C0022F806 /* CommunityTests.swift */,
				815BCF171D806D260022F806 /* ListingTagTests.swift */,
				815BCF1B1D8070B80022F806 /* LocalUserTests.swift */,
				815BCF0D1D7E83160022F806 /* UserTests.swift */,
				810A82481D7A11780086B40F /* Info.plist */,
			);
			path = MoochTests;
			sourceTree = "<group>";
		};
		810A82501D7A11780086B40F /* MoochUITests */ = {
			isa = PBXGroup;
			children = (
				810A82531D7A11780086B40F /* Info.plist */,
			);
			path = MoochUITests;
			sourceTree = "<group>";
		};
		810A82741D7D23500086B40F /* UI */ = {
			isa = PBXGroup;
			children = (
				8149E7CE1D870156000F0C37 /* CustomElements */,
				810A823A1D7A11780086B40F /* LaunchScreen.storyboard */,
				8149E7B61D84B3D1000F0C37 /* InitialLoading */,
				8149E7C91D8667F1000F0C37 /* Login */,
				8149E7C41D865D97000F0C37 /* ListingDetails */,
				8149E7B71D84B3F3000F0C37 /* Listings */,
				8149E7B81D84B4E9000F0C37 /* NetworkReachabilityVerification */,
			);
			name = UI;
			sourceTree = "<group>";
		};
		810A82751D7D237D0086B40F /* Managers */ = {
			isa = PBXGroup;
			children = (
				810A82311D7A11780086B40F /* AppDelegate.swift */,
				8149E7BC1D84CC93000F0C37 /* LocalUserManager.swift */,
			);
			name = Managers;
			sourceTree = "<group>";
		};
		810A82761D7D23910086B40F /* Models */ = {
			isa = PBXGroup;
			children = (
				815BCF061D7E78FD0022F806 /* Community.swift */,
				815BCF131D805B550022F806 /* ListingTag.swift */,
				8149E7BE1D85FC6B000F0C37 /* Listing.swift */,
				815BCF151D805EAE0022F806 /* LocalUser.swift */,
				815BCF041D7E78290022F806 /* User.swift */,
			);
			name = Models;
			sourceTree = "<group>";
		};
		810A82771D7D23A60086B40F /* Networking */ = {
			isa = PBXGroup;
			children = (
				815BCF1D1D80BC7B0022F806 /* MoochAPIRouter.swift */,
				818883431D83404F00F7EEE5 /* MoochAPI.swift */,
			);
			name = Networking;
			sourceTree = "<group>";
		};
		810A82781D7D23BF0086B40F /* Utility */ = {
			isa = PBXGroup;
			children = (
				815BCF021D7E77E70022F806 /* Errors.swift */,
				815BCF001D7E77D80022F806 /* Helpers.swift */,
			);
			name = Utility;
			sourceTree = "<group>";
		};
		810A82791D7D23CE0086B40F /* Supporting Files */ = {
			isa = PBXGroup;
			children = (
				810A823D1D7A11780086B40F /* Info.plist */,
			);
			name = "Supporting Files";
			sourceTree = "<group>";
		};
		810A827A1D7E2D430086B40F /* Superclasses */ = {
			isa = PBXGroup;
			children = (
				810A827F1D7E3EDE0086B40F /* MoochViewController.swift */,
				8149E7B01D849B8F000F0C37 /* MoochModalViewController.swift */,
			);
			name = Superclasses;
			sourceTree = "<group>";
		};
		810A82811D7E5D8E0086B40F /* Resources */ = {
			isa = PBXGroup;
			children = (
				810A82381D7A11780086B40F /* Assets.xcassets */,
				810A82821D7E5DA40086B40F /* Strings.swift */,
			);
			name = Resources;
			sourceTree = "<group>";
		};
		8149E7B61D84B3D1000F0C37 /* InitialLoading */ = {
			isa = PBXGroup;
			children = (
				8149E7AC1D84977C000F0C37 /* InitialLoadingViewController.swift */,
				8149E7AD1D84977C000F0C37 /* InitialLoadingViewController.xib */,
			);
			name = InitialLoading;
			sourceTree = "<group>";
		};
		8149E7B71D84B3F3000F0C37 /* Listings */ = {
			isa = PBXGroup;
			children = (
				8149E7B21D84B396000F0C37 /* ListingsViewController.swift */,
				8149E7BA1D84C2A7000F0C37 /* ListingsTableHandler.swift */,
				8149E7C01D8609BE000F0C37 /* ListingTableViewCell.swift */,
				8149E7C11D8609BE000F0C37 /* ListingTableViewCell.xib */,
				8149E7B31D84B396000F0C37 /* ListingsViewController.xib */,
			);
			name = Listings;
			sourceTree = "<group>";
		};
		8149E7B81D84B4E9000F0C37 /* NetworkReachabilityVerification */ = {
			isa = PBXGroup;
			children = (
				815BCEFC1D7E73860022F806 /* NetworkReachabilityVerificationViewController.swift */,
				815BCEFD1D7E73860022F806 /* NetworkReachabilityVerificationViewController.xib */,
			);
			name = NetworkReachabilityVerification;
			sourceTree = "<group>";
		};
		8149E7C41D865D97000F0C37 /* ListingDetails */ = {
			isa = PBXGroup;
			children = (
				8149E7C51D865E2D000F0C37 /* ListingDetails.storyboard */,
				8149E7C71D865E5A000F0C37 /* ListingDetailsViewController.swift */,
			);
			name = ListingDetails;
			sourceTree = "<group>";
		};
		8149E7C91D8667F1000F0C37 /* Login */ = {
			isa = PBXGroup;
			children = (
				8149E7CA1D8668D6000F0C37 /* LoginViewController.swift */,
				8149E7CB1D8668D6000F0C37 /* LoginViewController.xib */,
			);
			name = Login;
			sourceTree = "<group>";
		};
		8149E7CE1D870156000F0C37 /* CustomElements */ = {
			isa = PBXGroup;
			children = (
				8149E7CF1D87017D000F0C37 /* RoundedButton.swift */,
			);
			name = CustomElements;
			sourceTree = "<group>";
		};
/* End PBXGroup section */

/* Begin PBXNativeTarget section */
		810A822D1D7A11780086B40F /* Mooch */ = {
			isa = PBXNativeTarget;
			buildConfigurationList = 810A82561D7A11780086B40F /* Build configuration list for PBXNativeTarget "Mooch" */;
			buildPhases = (
				A931E33EEFF74287C07B4A55 /* [CP] Check Pods Manifest.lock */,
				810A822A1D7A11780086B40F /* Sources */,
				810A822B1D7A11780086B40F /* Frameworks */,
				810A822C1D7A11780086B40F /* Resources */,
				8DE9C4BBE7428CDE01E8A034 /* [CP] Embed Pods Frameworks */,
				DEEA8DEC962BE26C3D62ABAF /* [CP] Copy Pods Resources */,
			);
			buildRules = (
			);
			dependencies = (
			);
			name = Mooch;
			productName = Mooch;
			productReference = 810A822E1D7A11780086B40F /* Mooch.app */;
			productType = "com.apple.product-type.application";
		};
		810A82411D7A11780086B40F /* MoochTests */ = {
			isa = PBXNativeTarget;
			buildConfigurationList = 810A82591D7A11780086B40F /* Build configuration list for PBXNativeTarget "MoochTests" */;
			buildPhases = (
				573D55E362BD6C9ABBE55CFB /* [CP] Check Pods Manifest.lock */,
				810A823E1D7A11780086B40F /* Sources */,
				810A823F1D7A11780086B40F /* Frameworks */,
				810A82401D7A11780086B40F /* Resources */,
				E2FD106A82788069B2C8E0B8 /* [CP] Embed Pods Frameworks */,
				D92297FAD5D560B7ED87BACF /* [CP] Copy Pods Resources */,
			);
			buildRules = (
			);
			dependencies = (
				810A82441D7A11780086B40F /* PBXTargetDependency */,
			);
			name = MoochTests;
			productName = MoochTests;
			productReference = 810A82421D7A11780086B40F /* MoochTests.xctest */;
			productType = "com.apple.product-type.bundle.unit-test";
		};
		810A824C1D7A11780086B40F /* MoochUITests */ = {
			isa = PBXNativeTarget;
			buildConfigurationList = 810A825C1D7A11780086B40F /* Build configuration list for PBXNativeTarget "MoochUITests" */;
			buildPhases = (
				E337FD1624DFF82DA18C888B /* [CP] Check Pods Manifest.lock */,
				810A82491D7A11780086B40F /* Sources */,
				810A824A1D7A11780086B40F /* Frameworks */,
				810A824B1D7A11780086B40F /* Resources */,
				2D9E397BA88879D9FB656B75 /* [CP] Copy Pods Resources */,
			);
			buildRules = (
			);
			dependencies = (
				810A824F1D7A11780086B40F /* PBXTargetDependency */,
			);
			name = MoochUITests;
			productName = MoochUITests;
			productReference = 810A824D1D7A11780086B40F /* MoochUITests.xctest */;
			productType = "com.apple.product-type.bundle.ui-testing";
		};
/* End PBXNativeTarget section */

/* Begin PBXProject section */
		810A82261D7A11780086B40F /* Project object */ = {
			isa = PBXProject;
			attributes = {
				LastSwiftUpdateCheck = 0730;
				LastUpgradeCheck = 0730;
				ORGANIZATIONNAME = cse498;
				TargetAttributes = {
					810A822D1D7A11780086B40F = {
						CreatedOnToolsVersion = 7.3.1;
						DevelopmentTeam = 2ZW34Q8J6R;
					};
					810A82411D7A11780086B40F = {
						CreatedOnToolsVersion = 7.3.1;
						TestTargetID = 810A822D1D7A11780086B40F;
					};
					810A824C1D7A11780086B40F = {
						CreatedOnToolsVersion = 7.3.1;
						TestTargetID = 810A822D1D7A11780086B40F;
					};
				};
			};
			buildConfigurationList = 810A82291D7A11780086B40F /* Build configuration list for PBXProject "Mooch" */;
			compatibilityVersion = "Xcode 3.2";
			developmentRegion = English;
			hasScannedForEncodings = 0;
			knownRegions = (
				en,
				Base,
			);
			mainGroup = 810A82251D7A11780086B40F;
			productRefGroup = 810A822F1D7A11780086B40F /* Products */;
			projectDirPath = "";
			projectRoot = "";
			targets = (
				810A822D1D7A11780086B40F /* Mooch */,
				810A82411D7A11780086B40F /* MoochTests */,
				810A824C1D7A11780086B40F /* MoochUITests */,
			);
		};
/* End PBXProject section */

/* Begin PBXResourcesBuildPhase section */
		810A822C1D7A11780086B40F /* Resources */ = {
			isa = PBXResourcesBuildPhase;
			buildActionMask = 2147483647;
			files = (
				8149E7C61D865E2D000F0C37 /* ListingDetails.storyboard in Resources */,
				810A823C1D7A11780086B40F /* LaunchScreen.storyboard in Resources */,
				8149E7B51D84B396000F0C37 /* ListingsViewController.xib in Resources */,
				8149E7C31D8609BE000F0C37 /* ListingTableViewCell.xib in Resources */,
				810A82391D7A11780086B40F /* Assets.xcassets in Resources */,
				815BCEFF1D7E73860022F806 /* NetworkReachabilityVerificationViewController.xib in Resources */,
				8149E7AF1D84977C000F0C37 /* InitialLoadingViewController.xib in Resources */,
				8149E7CD1D8668D6000F0C37 /* LoginViewController.xib in Resources */,
			);
			runOnlyForDeploymentPostprocessing = 0;
		};
		810A82401D7A11780086B40F /* Resources */ = {
			isa = PBXResourcesBuildPhase;
			buildActionMask = 2147483647;
			files = (
			);
			runOnlyForDeploymentPostprocessing = 0;
		};
		810A824B1D7A11780086B40F /* Resources */ = {
			isa = PBXResourcesBuildPhase;
			buildActionMask = 2147483647;
			files = (
			);
			runOnlyForDeploymentPostprocessing = 0;
		};
/* End PBXResourcesBuildPhase section */

/* Begin PBXShellScriptBuildPhase section */
		2D9E397BA88879D9FB656B75 /* [CP] Copy Pods Resources */ = {
			isa = PBXShellScriptBuildPhase;
			buildActionMask = 2147483647;
			files = (
			);
			inputPaths = (
			);
			name = "[CP] Copy Pods Resources";
			outputPaths = (
			);
			runOnlyForDeploymentPostprocessing = 0;
			shellPath = /bin/sh;
			shellScript = "\"${SRCROOT}/Pods/Target Support Files/Pods-MoochUITests/Pods-MoochUITests-resources.sh\"\n";
			showEnvVarsInLog = 0;
		};
		573D55E362BD6C9ABBE55CFB /* [CP] Check Pods Manifest.lock */ = {
			isa = PBXShellScriptBuildPhase;
			buildActionMask = 2147483647;
			files = (
			);
			inputPaths = (
			);
			name = "[CP] Check Pods Manifest.lock";
			outputPaths = (
			);
			runOnlyForDeploymentPostprocessing = 0;
			shellPath = /bin/sh;
			shellScript = "diff \"${PODS_ROOT}/../Podfile.lock\" \"${PODS_ROOT}/Manifest.lock\" > /dev/null\nif [[ $? != 0 ]] ; then\n    cat << EOM\nerror: The sandbox is not in sync with the Podfile.lock. Run 'pod install' or update your CocoaPods installation.\nEOM\n    exit 1\nfi\n";
			showEnvVarsInLog = 0;
		};
		8DE9C4BBE7428CDE01E8A034 /* [CP] Embed Pods Frameworks */ = {
			isa = PBXShellScriptBuildPhase;
			buildActionMask = 2147483647;
			files = (
			);
			inputPaths = (
			);
			name = "[CP] Embed Pods Frameworks";
			outputPaths = (
			);
			runOnlyForDeploymentPostprocessing = 0;
			shellPath = /bin/sh;
			shellScript = "\"${SRCROOT}/Pods/Target Support Files/Pods-Mooch/Pods-Mooch-frameworks.sh\"\n";
			showEnvVarsInLog = 0;
		};
		A931E33EEFF74287C07B4A55 /* [CP] Check Pods Manifest.lock */ = {
			isa = PBXShellScriptBuildPhase;
			buildActionMask = 2147483647;
			files = (
			);
			inputPaths = (
			);
			name = "[CP] Check Pods Manifest.lock";
			outputPaths = (
			);
			runOnlyForDeploymentPostprocessing = 0;
			shellPath = /bin/sh;
			shellScript = "diff \"${PODS_ROOT}/../Podfile.lock\" \"${PODS_ROOT}/Manifest.lock\" > /dev/null\nif [[ $? != 0 ]] ; then\n    cat << EOM\nerror: The sandbox is not in sync with the Podfile.lock. Run 'pod install' or update your CocoaPods installation.\nEOM\n    exit 1\nfi\n";
			showEnvVarsInLog = 0;
		};
		D92297FAD5D560B7ED87BACF /* [CP] Copy Pods Resources */ = {
			isa = PBXShellScriptBuildPhase;
			buildActionMask = 2147483647;
			files = (
			);
			inputPaths = (
			);
			name = "[CP] Copy Pods Resources";
			outputPaths = (
			);
			runOnlyForDeploymentPostprocessing = 0;
			shellPath = /bin/sh;
			shellScript = "\"${SRCROOT}/Pods/Target Support Files/Pods-MoochTests/Pods-MoochTests-resources.sh\"\n";
			showEnvVarsInLog = 0;
		};
		DEEA8DEC962BE26C3D62ABAF /* [CP] Copy Pods Resources */ = {
			isa = PBXShellScriptBuildPhase;
			buildActionMask = 2147483647;
			files = (
			);
			inputPaths = (
			);
			name = "[CP] Copy Pods Resources";
			outputPaths = (
			);
			runOnlyForDeploymentPostprocessing = 0;
			shellPath = /bin/sh;
			shellScript = "\"${SRCROOT}/Pods/Target Support Files/Pods-Mooch/Pods-Mooch-resources.sh\"\n";
			showEnvVarsInLog = 0;
		};
		E2FD106A82788069B2C8E0B8 /* [CP] Embed Pods Frameworks */ = {
			isa = PBXShellScriptBuildPhase;
			buildActionMask = 2147483647;
			files = (
			);
			inputPaths = (
			);
			name = "[CP] Embed Pods Frameworks";
			outputPaths = (
			);
			runOnlyForDeploymentPostprocessing = 0;
			shellPath = /bin/sh;
			shellScript = "\"${SRCROOT}/Pods/Target Support Files/Pods-MoochTests/Pods-MoochTests-frameworks.sh\"\n";
			showEnvVarsInLog = 0;
		};
		E337FD1624DFF82DA18C888B /* [CP] Check Pods Manifest.lock */ = {
			isa = PBXShellScriptBuildPhase;
			buildActionMask = 2147483647;
			files = (
			);
			inputPaths = (
			);
			name = "[CP] Check Pods Manifest.lock";
			outputPaths = (
			);
			runOnlyForDeploymentPostprocessing = 0;
			shellPath = /bin/sh;
			shellScript = "diff \"${PODS_ROOT}/../Podfile.lock\" \"${PODS_ROOT}/Manifest.lock\" > /dev/null\nif [[ $? != 0 ]] ; then\n    cat << EOM\nerror: The sandbox is not in sync with the Podfile.lock. Run 'pod install' or update your CocoaPods installation.\nEOM\n    exit 1\nfi\n";
			showEnvVarsInLog = 0;
		};
/* End PBXShellScriptBuildPhase section */

/* Begin PBXSourcesBuildPhase section */
		810A822A1D7A11780086B40F /* Sources */ = {
			isa = PBXSourcesBuildPhase;
			buildActionMask = 2147483647;
			files = (
				8149E7BB1D84C2A7000F0C37 /* ListingsTableHandler.swift in Sources */,
				8149E7AE1D84977C000F0C37 /* InitialLoadingViewController.swift in Sources */,
				815BCF011D7E77D80022F806 /* Helpers.swift in Sources */,
				8149E7BD1D84CC93000F0C37 /* LocalUserManager.swift in Sources */,
				8149E7B41D84B396000F0C37 /* ListingsViewController.swift in Sources */,
				8149E7C21D8609BE000F0C37 /* ListingTableViewCell.swift in Sources */,
				8149E7BF1D85FC6C000F0C37 /* Listing.swift in Sources */,
				810A82831D7E5DA40086B40F /* Strings.swift in Sources */,
				815BCF071D7E78FD0022F806 /* Community.swift in Sources */,
				8149E7CC1D8668D6000F0C37 /* LoginViewController.swift in Sources */,
				815BCEFE1D7E73860022F806 /* NetworkReachabilityVerificationViewController.swift in Sources */,
				818883441D83404F00F7EEE5 /* MoochAPI.swift in Sources */,
				815BCF051D7E78290022F806 /* User.swift in Sources */,
				810A82801D7E3EDE0086B40F /* MoochViewController.swift in Sources */,
				8149E7B11D849B8F000F0C37 /* MoochModalViewController.swift in Sources */,
				8149E7C81D865E5A000F0C37 /* ListingDetailsViewController.swift in Sources */,
				815BCF1E1D80BC7B0022F806 /* MoochAPIRouter.swift in Sources */,
				8149E7D01D87017D000F0C37 /* RoundedButton.swift in Sources */,
				810A82321D7A11780086B40F /* AppDelegate.swift in Sources */,
				815BCF141D805B550022F806 /* ListingTag.swift in Sources */,
				815BCF161D805EAE0022F806 /* LocalUser.swift in Sources */,
				815BCF031D7E77E70022F806 /* Errors.swift in Sources */,
			);
			runOnlyForDeploymentPostprocessing = 0;
		};
		810A823E1D7A11780086B40F /* Sources */ = {
			isa = PBXSourcesBuildPhase;
			buildActionMask = 2147483647;
			files = (
				815BCF1C1D8070B80022F806 /* LocalUserTests.swift in Sources */,
				815BCF181D806D260022F806 /* ListingTagTests.swift in Sources */,
				815BCF0C1D7E813F0022F806 /* Errors.swift in Sources */,
				815BCF1A1D806F990022F806 /* ListingTag.swift in Sources */,
				815BCF081D7E7F070022F806 /* Community.swift in Sources */,
				815BCF0E1D7E83160022F806 /* UserTests.swift in Sources */,
				815BCF191D806F970022F806 /* LocalUser.swift in Sources */,
				815BCF1F1D80BC7B0022F806 /* MoochAPIRouter.swift in Sources */,
				815BCF091D7E7F0B0022F806 /* User.swift in Sources */,
				815BCF0B1D7E7F5C0022F806 /* CommunityTests.swift in Sources */,
			);
			runOnlyForDeploymentPostprocessing = 0;
		};
		810A82491D7A11780086B40F /* Sources */ = {
			isa = PBXSourcesBuildPhase;
			buildActionMask = 2147483647;
			files = (
			);
			runOnlyForDeploymentPostprocessing = 0;
		};
/* End PBXSourcesBuildPhase section */

/* Begin PBXTargetDependency section */
		810A82441D7A11780086B40F /* PBXTargetDependency */ = {
			isa = PBXTargetDependency;
			target = 810A822D1D7A11780086B40F /* Mooch */;
			targetProxy = 810A82431D7A11780086B40F /* PBXContainerItemProxy */;
		};
		810A824F1D7A11780086B40F /* PBXTargetDependency */ = {
			isa = PBXTargetDependency;
			target = 810A822D1D7A11780086B40F /* Mooch */;
			targetProxy = 810A824E1D7A11780086B40F /* PBXContainerItemProxy */;
		};
/* End PBXTargetDependency section */

/* Begin PBXVariantGroup section */
		810A823A1D7A11780086B40F /* LaunchScreen.storyboard */ = {
			isa = PBXVariantGroup;
			children = (
				810A823B1D7A11780086B40F /* Base */,
			);
			name = LaunchScreen.storyboard;
			sourceTree = "<group>";
		};
/* End PBXVariantGroup section */

/* Begin XCBuildConfiguration section */
		810A82541D7A11780086B40F /* Debug */ = {
			isa = XCBuildConfiguration;
			buildSettings = {
				ALWAYS_SEARCH_USER_PATHS = NO;
				CLANG_ANALYZER_NONNULL = YES;
				CLANG_CXX_LANGUAGE_STANDARD = "gnu++0x";
				CLANG_CXX_LIBRARY = "libc++";
				CLANG_ENABLE_MODULES = YES;
				CLANG_ENABLE_OBJC_ARC = YES;
				CLANG_WARN_BOOL_CONVERSION = YES;
				CLANG_WARN_CONSTANT_CONVERSION = YES;
				CLANG_WARN_DIRECT_OBJC_ISA_USAGE = YES_ERROR;
				CLANG_WARN_EMPTY_BODY = YES;
				CLANG_WARN_ENUM_CONVERSION = YES;
				CLANG_WARN_INT_CONVERSION = YES;
				CLANG_WARN_OBJC_ROOT_CLASS = YES_ERROR;
				CLANG_WARN_UNREACHABLE_CODE = YES;
				CLANG_WARN__DUPLICATE_METHOD_MATCH = YES;
				"CODE_SIGN_IDENTITY[sdk=iphoneos*]" = "iPhone Developer";
				COPY_PHASE_STRIP = NO;
				DEBUG_INFORMATION_FORMAT = dwarf;
				ENABLE_STRICT_OBJC_MSGSEND = YES;
				ENABLE_TESTABILITY = YES;
				GCC_C_LANGUAGE_STANDARD = gnu99;
				GCC_DYNAMIC_NO_PIC = NO;
				GCC_NO_COMMON_BLOCKS = YES;
				GCC_OPTIMIZATION_LEVEL = 0;
				GCC_PREPROCESSOR_DEFINITIONS = (
					"DEBUG=1",
					"$(inherited)",
				);
				GCC_WARN_64_TO_32_BIT_CONVERSION = YES;
				GCC_WARN_ABOUT_RETURN_TYPE = YES_ERROR;
				GCC_WARN_UNDECLARED_SELECTOR = YES;
				GCC_WARN_UNINITIALIZED_AUTOS = YES_AGGRESSIVE;
				GCC_WARN_UNUSED_FUNCTION = YES;
				GCC_WARN_UNUSED_VARIABLE = YES;
				IPHONEOS_DEPLOYMENT_TARGET = 9.3;
				MTL_ENABLE_DEBUG_INFO = YES;
				ONLY_ACTIVE_ARCH = YES;
				SDKROOT = iphoneos;
				SWIFT_OPTIMIZATION_LEVEL = "-Onone";
				TARGETED_DEVICE_FAMILY = "1,2";
			};
			name = Debug;
		};
		810A82551D7A11780086B40F /* Release */ = {
			isa = XCBuildConfiguration;
			buildSettings = {
				ALWAYS_SEARCH_USER_PATHS = NO;
				CLANG_ANALYZER_NONNULL = YES;
				CLANG_CXX_LANGUAGE_STANDARD = "gnu++0x";
				CLANG_CXX_LIBRARY = "libc++";
				CLANG_ENABLE_MODULES = YES;
				CLANG_ENABLE_OBJC_ARC = YES;
				CLANG_WARN_BOOL_CONVERSION = YES;
				CLANG_WARN_CONSTANT_CONVERSION = YES;
				CLANG_WARN_DIRECT_OBJC_ISA_USAGE = YES_ERROR;
				CLANG_WARN_EMPTY_BODY = YES;
				CLANG_WARN_ENUM_CONVERSION = YES;
				CLANG_WARN_INT_CONVERSION = YES;
				CLANG_WARN_OBJC_ROOT_CLASS = YES_ERROR;
				CLANG_WARN_UNREACHABLE_CODE = YES;
				CLANG_WARN__DUPLICATE_METHOD_MATCH = YES;
				"CODE_SIGN_IDENTITY[sdk=iphoneos*]" = "iPhone Developer";
				COPY_PHASE_STRIP = NO;
				DEBUG_INFORMATION_FORMAT = "dwarf-with-dsym";
				ENABLE_NS_ASSERTIONS = NO;
				ENABLE_STRICT_OBJC_MSGSEND = YES;
				GCC_C_LANGUAGE_STANDARD = gnu99;
				GCC_NO_COMMON_BLOCKS = YES;
				GCC_WARN_64_TO_32_BIT_CONVERSION = YES;
				GCC_WARN_ABOUT_RETURN_TYPE = YES_ERROR;
				GCC_WARN_UNDECLARED_SELECTOR = YES;
				GCC_WARN_UNINITIALIZED_AUTOS = YES_AGGRESSIVE;
				GCC_WARN_UNUSED_FUNCTION = YES;
				GCC_WARN_UNUSED_VARIABLE = YES;
				IPHONEOS_DEPLOYMENT_TARGET = 9.3;
				MTL_ENABLE_DEBUG_INFO = NO;
				SDKROOT = iphoneos;
				TARGETED_DEVICE_FAMILY = "1,2";
				VALIDATE_PRODUCT = YES;
			};
			name = Release;
		};
		810A82571D7A11780086B40F /* Debug */ = {
			isa = XCBuildConfiguration;
			baseConfigurationReference = DB0A3D9FB6A1E3D95ECCCD45 /* Pods-Mooch.debug.xcconfig */;
			buildSettings = {
				ASSETCATALOG_COMPILER_APPICON_NAME = AppIcon;
				CODE_SIGN_IDENTITY = "iPhone Developer";
				INFOPLIST_FILE = Mooch/Info.plist;
				IPHONEOS_DEPLOYMENT_TARGET = 9.0;
				LD_RUNPATH_SEARCH_PATHS = "$(inherited) @executable_path/Frameworks";
				PRODUCT_BUNDLE_IDENTIFIER = com.cse498.Mooch;
				PRODUCT_NAME = "$(TARGET_NAME)";
			};
			name = Debug;
		};
		810A82581D7A11780086B40F /* Release */ = {
			isa = XCBuildConfiguration;
			baseConfigurationReference = 344DB53745D16AAC3B92C2BE /* Pods-Mooch.release.xcconfig */;
			buildSettings = {
				ASSETCATALOG_COMPILER_APPICON_NAME = AppIcon;
				CODE_SIGN_IDENTITY = "iPhone Developer";
				INFOPLIST_FILE = Mooch/Info.plist;
				IPHONEOS_DEPLOYMENT_TARGET = 9.0;
				LD_RUNPATH_SEARCH_PATHS = "$(inherited) @executable_path/Frameworks";
				PRODUCT_BUNDLE_IDENTIFIER = com.cse498.Mooch;
				PRODUCT_NAME = "$(TARGET_NAME)";
			};
			name = Release;
		};
		810A825A1D7A11780086B40F /* Debug */ = {
			isa = XCBuildConfiguration;
			baseConfigurationReference = 1EA14F966101333946798EDD /* Pods-MoochTests.debug.xcconfig */;
			buildSettings = {
				BUNDLE_LOADER = "$(TEST_HOST)";
				INFOPLIST_FILE = MoochTests/Info.plist;
				LD_RUNPATH_SEARCH_PATHS = "$(inherited) @executable_path/Frameworks @loader_path/Frameworks";
				PRODUCT_BUNDLE_IDENTIFIER = com.cse498.MoochTests;
				PRODUCT_NAME = "$(TARGET_NAME)";
				TEST_HOST = "$(BUILT_PRODUCTS_DIR)/Mooch.app/Mooch";
			};
			name = Debug;
		};
		810A825B1D7A11780086B40F /* Release */ = {
			isa = XCBuildConfiguration;
			baseConfigurationReference = 7D77BF2B345F516CDE894771 /* Pods-MoochTests.release.xcconfig */;
			buildSettings = {
				BUNDLE_LOADER = "$(TEST_HOST)";
				INFOPLIST_FILE = MoochTests/Info.plist;
				LD_RUNPATH_SEARCH_PATHS = "$(inherited) @executable_path/Frameworks @loader_path/Frameworks";
				PRODUCT_BUNDLE_IDENTIFIER = com.cse498.MoochTests;
				PRODUCT_NAME = "$(TARGET_NAME)";
				TEST_HOST = "$(BUILT_PRODUCTS_DIR)/Mooch.app/Mooch";
			};
			name = Release;
		};
		810A825D1D7A11780086B40F /* Debug */ = {
			isa = XCBuildConfiguration;
			baseConfigurationReference = E49A73BAC724FE7A87D6C8A0 /* Pods-MoochUITests.debug.xcconfig */;
			buildSettings = {
				INFOPLIST_FILE = MoochUITests/Info.plist;
				LD_RUNPATH_SEARCH_PATHS = "$(inherited) @executable_path/Frameworks @loader_path/Frameworks";
				PRODUCT_BUNDLE_IDENTIFIER = com.cse498.MoochUITests;
				PRODUCT_NAME = "$(TARGET_NAME)";
				TEST_TARGET_NAME = Mooch;
			};
			name = Debug;
		};
		810A825E1D7A11780086B40F /* Release */ = {
			isa = XCBuildConfiguration;
			baseConfigurationReference = AB2BD51098CDD71449F25532 /* Pods-MoochUITests.release.xcconfig */;
			buildSettings = {
				INFOPLIST_FILE = MoochUITests/Info.plist;
				LD_RUNPATH_SEARCH_PATHS = "$(inherited) @executable_path/Frameworks @loader_path/Frameworks";
				PRODUCT_BUNDLE_IDENTIFIER = com.cse498.MoochUITests;
				PRODUCT_NAME = "$(TARGET_NAME)";
				TEST_TARGET_NAME = Mooch;
			};
			name = Release;
		};
/* End XCBuildConfiguration section */

/* Begin XCConfigurationList section */
		810A82291D7A11780086B40F /* Build configuration list for PBXProject "Mooch" */ = {
			isa = XCConfigurationList;
			buildConfigurations = (
				810A82541D7A11780086B40F /* Debug */,
				810A82551D7A11780086B40F /* Release */,
			);
			defaultConfigurationIsVisible = 0;
			defaultConfigurationName = Release;
		};
		810A82561D7A11780086B40F /* Build configuration list for PBXNativeTarget "Mooch" */ = {
			isa = XCConfigurationList;
			buildConfigurations = (
				810A82571D7A11780086B40F /* Debug */,
				810A82581D7A11780086B40F /* Release */,
			);
			defaultConfigurationIsVisible = 0;
			defaultConfigurationName = Release;
		};
		810A82591D7A11780086B40F /* Build configuration list for PBXNativeTarget "MoochTests" */ = {
			isa = XCConfigurationList;
			buildConfigurations = (
				810A825A1D7A11780086B40F /* Debug */,
				810A825B1D7A11780086B40F /* Release */,
			);
			defaultConfigurationIsVisible = 0;
			defaultConfigurationName = Release;
		};
		810A825C1D7A11780086B40F /* Build configuration list for PBXNativeTarget "MoochUITests" */ = {
			isa = XCConfigurationList;
			buildConfigurations = (
				810A825D1D7A11780086B40F /* Debug */,
				810A825E1D7A11780086B40F /* Release */,
			);
			defaultConfigurationIsVisible = 0;
			defaultConfigurationName = Release;
		};
/* End XCConfigurationList section */
	};
	rootObject = 810A82261D7A11780086B40F /* Project object */;
}
