PODS:
  - Alamofire (4.0.1)
  - AlamofireImage (3.1.0):
    - Alamofire (~> 4.0)
  - OHHTTPStubs (5.2.2):
    - OHHTTPStubs/Default (= 5.2.2)
  - OHHTTPStubs/Core (5.2.2)
  - OHHTTPStubs/Default (5.2.2):
    - OHHTTPStubs/Core
    - OHHTTPStubs/JSON
    - OHHTTPStubs/NSURLSession
    - OHHTTPStubs/OHPathHelpers
  - OHHTTPStubs/JSON (5.2.2):
    - OHHTTPStubs/Core
  - OHHTTPStubs/NSURLSession (5.2.2):
    - OHHTTPStubs/Core
  - OHHTTPStubs/OHPathHelpers (5.2.2)
  - OHHTTPStubs/Swift (5.2.2):
    - OHHTTPStubs/Core
  - PhoneNumberKit (1.0.1):
    - PhoneNumberKit/PhoneNumberKitCore (= 1.0.1)
    - PhoneNumberKit/UIKit (= 1.0.1)
  - PhoneNumberKit/PhoneNumberKitCore (1.0.1)
  - PhoneNumberKit/UIKit (1.0.1):
    - PhoneNumberKit/PhoneNumberKitCore
  - SwiftyUserDefaults (3.0.0)

DEPENDENCIES:
  - Alamofire (~> 4.0)
  - AlamofireImage (~> 3.0)
  - OHHTTPStubs
  - OHHTTPStubs/Swift
  - PhoneNumberKit (~> 1.0)
  - SwiftyUserDefaults

SPEC CHECKSUMS:
  Alamofire: 7682d43245de14874acd142ec137b144aa1dd335
  AlamofireImage: bb8c8351c51cb1633bb6be69b6dbbaff37ce65b7
  OHHTTPStubs: 34d9d0994e64fcf8552dbfade5ce82ada913ee31
  PhoneNumberKit: 0b5ea9a5454d201656db766343e9d768f8542496
  SwiftyUserDefaults: 0f1d45fc3aafb9064dac661e367f8f83fe21a4b4

PODFILE CHECKSUM: b36512e65d0b2dbeddd7a38de16851f0fad554a4

COCOAPODS: 1.1.0.rc.2
